// !$*UTF8*$!
{
	archiveVersion = 1;
	classes = {
	};
	objectVersion = 50;
	objects = {

/* Begin PBXBuildFile section */
		6435E6922327F70500920334 /* AppDelegate.swift in Sources */ = {isa = PBXBuildFile; fileRef = 6435E6912327F70500920334 /* AppDelegate.swift */; };
		6435E6942327F70500920334 /* ViewController.swift in Sources */ = {isa = PBXBuildFile; fileRef = 6435E6932327F70500920334 /* ViewController.swift */; };
		6435E6972327F70500920334 /* Main.storyboard in Resources */ = {isa = PBXBuildFile; fileRef = 6435E6952327F70500920334 /* Main.storyboard */; };
		6435E6992327F70600920334 /* Assets.xcassets in Resources */ = {isa = PBXBuildFile; fileRef = 6435E6982327F70600920334 /* Assets.xcassets */; };
		6435E69C2327F70600920334 /* LaunchScreen.storyboard in Resources */ = {isa = PBXBuildFile; fileRef = 6435E69A2327F70600920334 /* LaunchScreen.storyboard */; };
		6435E6A72327F70600920334 /* Uint3ProjectTrackerPostRequestTests.swift in Sources */ = {isa = PBXBuildFile; fileRef = 6435E6A62327F70600920334 /* Uint3ProjectTrackerPostRequestTests.swift */; };
/* End PBXBuildFile section */

/* Begin PBXContainerItemProxy section */
		6435E6A32327F70600920334 /* PBXContainerItemProxy */ = {
			isa = PBXContainerItemProxy;
			containerPortal = 6435E6862327F70500920334 /* Project object */;
			proxyType = 1;
			remoteGlobalIDString = 6435E68D2327F70500920334;
			remoteInfo = Uint3ProjectTrackerPostRequest;
		};
/* End PBXContainerItemProxy section */

/* Begin PBXFileReference section */
		6435E68E2327F70500920334 /* Uint3ProjectTrackerPostRequest.app */ = {isa = PBXFileReference; explicitFileType = wrapper.application; includeInIndex = 0; path = Uint3ProjectTrackerPostRequest.app; sourceTree = BUILT_PRODUCTS_DIR; };
		6435E6912327F70500920334 /* AppDelegate.swift */ = {isa = PBXFileReference; lastKnownFileType = sourcecode.swift; path = AppDelegate.swift; sourceTree = "<group>"; };
		6435E6932327F70500920334 /* ViewController.swift */ = {isa = PBXFileReference; lastKnownFileType = sourcecode.swift; path = ViewController.swift; sourceTree = "<group>"; };
		6435E6962327F70500920334 /* Base */ = {isa = PBXFileReference; lastKnownFileType = file.storyboard; name = Base; path = Base.lproj/Main.storyboard; sourceTree = "<group>"; };
		6435E6982327F70600920334 /* Assets.xcassets */ = {isa = PBXFileReference; lastKnownFileType = folder.assetcatalog; path = Assets.xcassets; sourceTree = "<group>"; };
		6435E69B2327F70600920334 /* Base */ = {isa = PBXFileReference; lastKnownFileType = file.storyboard; name = Base; path = Base.lproj/LaunchScreen.storyboard; sourceTree = "<group>"; };
		6435E69D2327F70600920334 /* Info.plist */ = {isa = PBXFileReference; lastKnownFileType = text.plist.xml; path = Info.plist; sourceTree = "<group>"; };
		6435E6A22327F70600920334 /* Uint3ProjectTrackerPostRequestTests.xctest */ = {isa = PBXFileReference; explicitFileType = wrapper.cfbundle; includeInIndex = 0; path = Uint3ProjectTrackerPostRequestTests.xctest; sourceTree = BUILT_PRODUCTS_DIR; };
		6435E6A62327F70600920334 /* Uint3ProjectTrackerPostRequestTests.swift */ = {isa = PBXFileReference; lastKnownFileType = sourcecode.swift; path = Uint3ProjectTrackerPostRequestTests.swift; sourceTree = "<group>"; };
		6435E6A82327F70600920334 /* Info.plist */ = {isa = PBXFileReference; lastKnownFileType = text.plist.xml; path = Info.plist; sourceTree = "<group>"; };
/* End PBXFileReference section */

/* Begin PBXFrameworksBuildPhase section */
		6435E68B2327F70500920334 /* Frameworks */ = {
			isa = PBXFrameworksBuildPhase;
			buildActionMask = 2147483647;
			files = (
			);
			runOnlyForDeploymentPostprocessing = 0;
		};
		6435E69F2327F70600920334 /* Frameworks */ = {
			isa = PBXFrameworksBuildPhase;
			buildActionMask = 2147483647;
			files = (
			);
			runOnlyForDeploymentPostprocessing = 0;
		};
/* End PBXFrameworksBuildPhase section */

/* Begin PBXGroup section */
		6435E6852327F70500920334 = {
			isa = PBXGroup;
			children = (
				6435E6902327F70500920334 /* Uint3ProjectTrackerPostRequest */,
				6435E6A52327F70600920334 /* Uint3ProjectTrackerPostRequestTests */,
				6435E68F2327F70500920334 /* Products */,
			);
			sourceTree = "<group>";
		};
		6435E68F2327F70500920334 /* Products */ = {
			isa = PBXGroup;
			children = (
				6435E68E2327F70500920334 /* Uint3ProjectTrackerPostRequest.app */,
				6435E6A22327F70600920334 /* Uint3ProjectTrackerPostRequestTests.xctest */,
			);
			name = Products;
			sourceTree = "<group>";
		};
		6435E6902327F70500920334 /* Uint3ProjectTrackerPostRequest */ = {
			isa = PBXGroup;
			children = (
				6435E6912327F70500920334 /* AppDelegate.swift */,
				6435E6932327F70500920334 /* ViewController.swift */,
				6435E6952327F70500920334 /* Main.storyboard */,
				6435E6982327F70600920334 /* Assets.xcassets */,
				6435E69A2327F70600920334 /* LaunchScreen.storyboard */,
				6435E69D2327F70600920334 /* Info.plist */,
			);
			path = Uint3ProjectTrackerPostRequest;
			sourceTree = "<group>";
		};
		6435E6A52327F70600920334 /* Uint3ProjectTrackerPostRequestTests */ = {
			isa = PBXGroup;
			children = (
				6435E6A62327F70600920334 /* Uint3ProjectTrackerPostRequestTests.swift */,
				6435E6A82327F70600920334 /* Info.plist */,
			);
			path = Uint3ProjectTrackerPostRequestTests;
			sourceTree = "<group>";
		};
/* End PBXGroup section */

/* Begin PBXNativeTarget section */
		6435E68D2327F70500920334 /* Uint3ProjectTrackerPostRequest */ = {
			isa = PBXNativeTarget;
			buildConfigurationList = 6435E6AB2327F70600920334 /* Build configuration list for PBXNativeTarget "Uint3ProjectTrackerPostRequest" */;
			buildPhases = (
				6435E68A2327F70500920334 /* Sources */,
				6435E68B2327F70500920334 /* Frameworks */,
				6435E68C2327F70500920334 /* Resources */,
			);
			buildRules = (
			);
			dependencies = (
			);
			name = Uint3ProjectTrackerPostRequest;
			productName = Uint3ProjectTrackerPostRequest;
			productReference = 6435E68E2327F70500920334 /* Uint3ProjectTrackerPostRequest.app */;
			productType = "com.apple.product-type.application";
		};
		6435E6A12327F70600920334 /* Uint3ProjectTrackerPostRequestTests */ = {
			isa = PBXNativeTarget;
			buildConfigurationList = 6435E6AE2327F70600920334 /* Build configuration list for PBXNativeTarget "Uint3ProjectTrackerPostRequestTests" */;
			buildPhases = (
				6435E69E2327F70600920334 /* Sources */,
				6435E69F2327F70600920334 /* Frameworks */,
				6435E6A02327F70600920334 /* Resources */,
			);
			buildRules = (
			);
			dependencies = (
				6435E6A42327F70600920334 /* PBXTargetDependency */,
			);
			name = Uint3ProjectTrackerPostRequestTests;
			productName = Uint3ProjectTrackerPostRequestTests;
			productReference = 6435E6A22327F70600920334 /* Uint3ProjectTrackerPostRequestTests.xctest */;
			productType = "com.apple.product-type.bundle.unit-test";
		};
/* End PBXNativeTarget section */

/* Begin PBXProject section */
		6435E6862327F70500920334 /* Project object */ = {
			isa = PBXProject;
			attributes = {
				LastSwiftUpdateCheck = 1020;
				LastUpgradeCheck = 1020;
				ORGANIZATIONNAME = "hildy abreu";
				TargetAttributes = {
					6435E68D2327F70500920334 = {
						CreatedOnToolsVersion = 10.2.1;
					};
					6435E6A12327F70600920334 = {
						CreatedOnToolsVersion = 10.2.1;
						TestTargetID = 6435E68D2327F70500920334;
					};
				};
			};
			buildConfigurationList = 6435E6892327F70500920334 /* Build configuration list for PBXProject "Uint3ProjectTrackerPostRequest" */;
			compatibilityVersion = "Xcode 9.3";
			developmentRegion = en;
			hasScannedForEncodings = 0;
			knownRegions = (
				en,
				Base,
			);
			mainGroup = 6435E6852327F70500920334;
			productRefGroup = 6435E68F2327F70500920334 /* Products */;
			projectDirPath = "";
			projectRoot = "";
			targets = (
				6435E68D2327F70500920334 /* Uint3ProjectTrackerPostRequest */,
				6435E6A12327F70600920334 /* Uint3ProjectTrackerPostRequestTests */,
			);
		};
/* End PBXProject section */

/* Begin PBXResourcesBuildPhase section */
		6435E68C2327F70500920334 /* Resources */ = {
			isa = PBXResourcesBuildPhase;
			buildActionMask = 2147483647;
			files = (
				6435E69C2327F70600920334 /* LaunchScreen.storyboard in Resources */,
				6435E6992327F70600920334 /* Assets.xcassets in Resources */,
				6435E6972327F70500920334 /* Main.storyboard in Resources */,
			);
			runOnlyForDeploymentPostprocessing = 0;
		};
		6435E6A02327F70600920334 /* Resources */ = {
			isa = PBXResourcesBuildPhase;
			buildActionMask = 2147483647;
			files = (
			);
			runOnlyForDeploymentPostprocessing = 0;
		};
/* End PBXResourcesBuildPhase section */

/* Begin PBXSourcesBuildPhase section */
		6435E68A2327F70500920334 /* Sources */ = {
			isa = PBXSourcesBuildPhase;
			buildActionMask = 2147483647;
			files = (
				6435E6942327F70500920334 /* ViewController.swift in Sources */,
				6435E6922327F70500920334 /* AppDelegate.swift in Sources */,
			);
			runOnlyForDeploymentPostprocessing = 0;
		};
		6435E69E2327F70600920334 /* Sources */ = {
			isa = PBXSourcesBuildPhase;
			buildActionMask = 2147483647;
			files = (
				6435E6A72327F70600920334 /* Uint3ProjectTrackerPostRequestTests.swift in Sources */,
			);
			runOnlyForDeploymentPostprocessing = 0;
		};
/* End PBXSourcesBuildPhase section */

/* Begin PBXTargetDependency section */
		6435E6A42327F70600920334 /* PBXTargetDependency */ = {
			isa = PBXTargetDependency;
			target = 6435E68D2327F70500920334 /* Uint3ProjectTrackerPostRequest */;
			targetProxy = 6435E6A32327F70600920334 /* PBXContainerItemProxy */;
		};
/* End PBXTargetDependency section */

/* Begin PBXVariantGroup section */
		6435E6952327F70500920334 /* Main.storyboard */ = {
			isa = PBXVariantGroup;
			children = (
				6435E6962327F70500920334 /* Base */,
			);
			name = Main.storyboard;
			sourceTree = "<group>";
		};
		6435E69A2327F70600920334 /* LaunchScreen.storyboard */ = {
			isa = PBXVariantGroup;
			children = (
				6435E69B2327F70600920334 /* Base */,
			);
			name = LaunchScreen.storyboard;
			sourceTree = "<group>";
		};
/* End PBXVariantGroup section */

/* Begin XCBuildConfiguration section */
		6435E6A92327F70600920334 /* Debug */ = {
			isa = XCBuildConfiguration;
			buildSettings = {
				ALWAYS_SEARCH_USER_PATHS = NO;
				CLANG_ANALYZER_NONNULL = YES;
				CLANG_ANALYZER_NUMBER_OBJECT_CONVERSION = YES_AGGRESSIVE;
				CLANG_CXX_LANGUAGE_STANDARD = "gnu++14";
				CLANG_CXX_LIBRARY = "libc++";
				CLANG_ENABLE_MODULES = YES;
				CLANG_ENABLE_OBJC_ARC = YES;
				CLANG_ENABLE_OBJC_WEAK = YES;
				CLANG_WARN_BLOCK_CAPTURE_AUTORELEASING = YES;
				CLANG_WARN_BOOL_CONVERSION = YES;
				CLANG_WARN_COMMA = YES;
				CLANG_WARN_CONSTANT_CONVERSION = YES;
				CLANG_WARN_DEPRECATED_OBJC_IMPLEMENTATIONS = YES;
				CLANG_WARN_DIRECT_OBJC_ISA_USAGE = YES_ERROR;
				CLANG_WARN_DOCUMENTATION_COMMENTS = YES;
				CLANG_WARN_EMPTY_BODY = YES;
				CLANG_WARN_ENUM_CONVERSION = YES;
				CLANG_WARN_INFINITE_RECURSION = YES;
				CLANG_WARN_INT_CONVERSION = YES;
				CLANG_WARN_NON_LITERAL_NULL_CONVERSION = YES;
				CLANG_WARN_OBJC_IMPLICIT_RETAIN_SELF = YES;
				CLANG_WARN_OBJC_LITERAL_CONVERSION = YES;
				CLANG_WARN_OBJC_ROOT_CLASS = YES_ERROR;
				CLANG_WARN_RANGE_LOOP_ANALYSIS = YES;
				CLANG_WARN_STRICT_PROTOTYPES = YES;
				CLANG_WARN_SUSPICIOUS_MOVE = YES;
				CLANG_WARN_UNGUARDED_AVAILABILITY = YES_AGGRESSIVE;
				CLANG_WARN_UNREACHABLE_CODE = YES;
				CLANG_WARN__DUPLICATE_METHOD_MATCH = YES;
				CODE_SIGN_IDENTITY = "iPhone Developer";
				COPY_PHASE_STRIP = NO;
				DEBUG_INFORMATION_FORMAT = dwarf;
				ENABLE_STRICT_OBJC_MSGSEND = YES;
				ENABLE_TESTABILITY = YES;
				GCC_C_LANGUAGE_STANDARD = gnu11;
				GCC_DYNAMIC_NO_PIC = NO;
				GCC_NO_COMMON_BLOCKS = YES;
				GCC_OPTIMIZATION_LEVEL = 0;
				GCC_PREPROCESSOR_DEFINITIONS = (
					"DEBUG=1",
					"$(inherited)",
				);
				GCC_WARN_64_TO_32_BIT_CONVERSION = YES;
				GCC_WARN_ABOUT_RETURN_TYPE = YES_ERROR;
				GCC_WARN_UNDECLARED_SELECTOR = YES;
				GCC_WARN_UNINITIALIZED_AUTOS = YES_AGGRESSIVE;
				GCC_WARN_UNUSED_FUNCTION = YES;
				GCC_WARN_UNUSED_VARIABLE = YES;
				IPHONEOS_DEPLOYMENT_TARGET = 12.2;
				MTL_ENABLE_DEBUG_INFO = INCLUDE_SOURCE;
				MTL_FAST_MATH = YES;
				ONLY_ACTIVE_ARCH = YES;
				SDKROOT = iphoneos;
				SWIFT_ACTIVE_COMPILATION_CONDITIONS = DEBUG;
				SWIFT_OPTIMIZATION_LEVEL = "-Onone";
			};
			name = Debug;
		};
		6435E6AA2327F70600920334 /* Release */ = {
			isa = XCBuildConfiguration;
			buildSettings = {
				ALWAYS_SEARCH_USER_PATHS = NO;
				CLANG_ANALYZER_NONNULL = YES;
				CLANG_ANALYZER_NUMBER_OBJECT_CONVERSION = YES_AGGRESSIVE;
				CLANG_CXX_LANGUAGE_STANDARD = "gnu++14";
				CLANG_CXX_LIBRARY = "libc++";
				CLANG_ENABLE_MODULES = YES;
				CLANG_ENABLE_OBJC_ARC = YES;
				CLANG_ENABLE_OBJC_WEAK = YES;
				CLANG_WARN_BLOCK_CAPTURE_AUTORELEASING = YES;
				CLANG_WARN_BOOL_CONVERSION = YES;
				CLANG_WARN_COMMA = YES;
				CLANG_WARN_CONSTANT_CONVERSION = YES;
				CLANG_WARN_DEPRECATED_OBJC_IMPLEMENTATIONS = YES;
				CLANG_WARN_DIRECT_OBJC_ISA_USAGE = YES_ERROR;
				CLANG_WARN_DOCUMENTATION_COMMENTS = YES;
				CLANG_WARN_EMPTY_BODY = YES;
				CLANG_WARN_ENUM_CONVERSION = YES;
				CLANG_WARN_INFINITE_RECURSION = YES;
				CLANG_WARN_INT_CONVERSION = YES;
				CLANG_WARN_NON_LITERAL_NULL_CONVERSION = YES;
				CLANG_WARN_OBJC_IMPLICIT_RETAIN_SELF = YES;
				CLANG_WARN_OBJC_LITERAL_CONVERSION = YES;
				CLANG_WARN_OBJC_ROOT_CLASS = YES_ERROR;
				CLANG_WARN_RANGE_LOOP_ANALYSIS = YES;
				CLANG_WARN_STRICT_PROTOTYPES = YES;
				CLANG_WARN_SUSPICIOUS_MOVE = YES;
				CLANG_WARN_UNGUARDED_AVAILABILITY = YES_AGGRESSIVE;
				CLANG_WARN_UNREACHABLE_CODE = YES;
				CLANG_WARN__DUPLICATE_METHOD_MATCH = YES;
				CODE_SIGN_IDENTITY = "iPhone Developer";
				COPY_PHASE_STRIP = NO;
				DEBUG_INFORMATION_FORMAT = "dwarf-with-dsym";
				ENABLE_NS_ASSERTIONS = NO;
				ENABLE_STRICT_OBJC_MSGSEND = YES;
				GCC_C_LANGUAGE_STANDARD = gnu11;
				GCC_NO_COMMON_BLOCKS = YES;
				GCC_WARN_64_TO_32_BIT_CONVERSION = YES;
				GCC_WARN_ABOUT_RETURN_TYPE = YES_ERROR;
				GCC_WARN_UNDECLARED_SELECTOR = YES;
				GCC_WARN_UNINITIALIZED_AUTOS = YES_AGGRESSIVE;
				GCC_WARN_UNUSED_FUNCTION = YES;
				GCC_WARN_UNUSED_VARIABLE = YES;
				IPHONEOS_DEPLOYMENT_TARGET = 12.2;
				MTL_ENABLE_DEBUG_INFO = NO;
				MTL_FAST_MATH = YES;
				SDKROOT = iphoneos;
				SWIFT_COMPILATION_MODE = wholemodule;
				SWIFT_OPTIMIZATION_LEVEL = "-O";
				VALIDATE_PRODUCT = YES;
			};
			name = Release;
		};
		6435E6AC2327F70600920334 /* Debug */ = {
			isa = XCBuildConfiguration;
			buildSettings = {
				ASSETCATALOG_COMPILER_APPICON_NAME = AppIcon;
				CODE_SIGN_STYLE = Automatic;
				INFOPLIST_FILE = Uint3ProjectTrackerPostRequest/Info.plist;
				LD_RUNPATH_SEARCH_PATHS = (
					"$(inherited)",
					"@executable_path/Frameworks",
				);
				PRODUCT_BUNDLE_IDENTIFIER = create.Uint3ProjectTrackerPostRequest;
				PRODUCT_NAME = "$(TARGET_NAME)";
				SWIFT_VERSION = 5.0;
				TARGETED_DEVICE_FAMILY = "1,2";
			};
			name = Debug;
		};
		6435E6AD2327F70600920334 /* Release */ = {
			isa = XCBuildConfiguration;
			buildSettings = {
				ASSETCATALOG_COMPILER_APPICON_NAME = AppIcon;
				CODE_SIGN_STYLE = Automatic;
				INFOPLIST_FILE = Uint3ProjectTrackerPostRequest/Info.plist;
				LD_RUNPATH_SEARCH_PATHS = (
					"$(inherited)",
					"@executable_path/Frameworks",
				);
				PRODUCT_BUNDLE_IDENTIFIER = create.Uint3ProjectTrackerPostRequest;
				PRODUCT_NAME = "$(TARGET_NAME)";
				SWIFT_VERSION = 5.0;
				TARGETED_DEVICE_FAMILY = "1,2";
			};
			name = Release;
		};
		6435E6AF2327F70600920334 /* Debug */ = {
			isa = XCBuildConfiguration;
			buildSettings = {
				ALWAYS_EMBED_SWIFT_STANDARD_LIBRARIES = YES;
				BUNDLE_LOADER = "$(TEST_HOST)";
				CODE_SIGN_STYLE = Automatic;
				INFOPLIST_FILE = Uint3ProjectTrackerPostRequestTests/Info.plist;
				LD_RUNPATH_SEARCH_PATHS = (
					"$(inherited)",
					"@executable_path/Frameworks",
					"@loader_path/Frameworks",
				);
				PRODUCT_BUNDLE_IDENTIFIER = create.Uint3ProjectTrackerPostRequestTests;
				PRODUCT_NAME = "$(TARGET_NAME)";
				SWIFT_VERSION = 5.0;
				TARGETED_DEVICE_FAMILY = "1,2";
				TEST_HOST = "$(BUILT_PRODUCTS_DIR)/Uint3ProjectTrackerPostRequest.app/Uint3ProjectTrackerPostRequest";
			};
			name = Debug;
		};
		6435E6B02327F70600920334 /* Release */ = {
			isa = XCBuildConfiguration;
			buildSettings = {
				ALWAYS_EMBED_SWIFT_STANDARD_LIBRARIES = YES;
				BUNDLE_LOADER = "$(TEST_HOST)";
				CODE_SIGN_STYLE = Automatic;
				INFOPLIST_FILE = Uint3ProjectTrackerPostRequestTests/Info.plist;
				LD_RUNPATH_SEARCH_PATHS = (
					"$(inherited)",
					"@executable_path/Frameworks",
					"@loader_path/Frameworks",
				);
				PRODUCT_BUNDLE_IDENTIFIER = create.Uint3ProjectTrackerPostRequestTests;
				PRODUCT_NAME = "$(TARGET_NAME)";
				SWIFT_VERSION = 5.0;
				TARGETED_DEVICE_FAMILY = "1,2";
				TEST_HOST = "$(BUILT_PRODUCTS_DIR)/Uint3ProjectTrackerPostRequest.app/Uint3ProjectTrackerPostRequest";
			};
			name = Release;
		};
/* End XCBuildConfiguration section */

/* Begin XCConfigurationList section */
		6435E6892327F70500920334 /* Build configuration list for PBXProject "Uint3ProjectTrackerPostRequest" */ = {
			isa = XCConfigurationList;
			buildConfigurations = (
				6435E6A92327F70600920334 /* Debug */,
				6435E6AA2327F70600920334 /* Release */,
			);
			defaultConfigurationIsVisible = 0;
			defaultConfigurationName = Release;
		};
		6435E6AB2327F70600920334 /* Build configuration list for PBXNativeTarget "Uint3ProjectTrackerPostRequest" */ = {
			isa = XCConfigurationList;
			buildConfigurations = (
				6435E6AC2327F70600920334 /* Debug */,
				6435E6AD2327F70600920334 /* Release */,
			);
			defaultConfigurationIsVisible = 0;
			defaultConfigurationName = Release;
		};
		6435E6AE2327F70600920334 /* Build configuration list for PBXNativeTarget "Uint3ProjectTrackerPostRequestTests" */ = {
			isa = XCConfigurationList;
			buildConfigurations = (
				6435E6AF2327F70600920334 /* Debug */,
				6435E6B02327F70600920334 /* Release */,
			);
			defaultConfigurationIsVisible = 0;
			defaultConfigurationName = Release;
		};
/* End XCConfigurationList section */
	};
	rootObject = 6435E6862327F70500920334 /* Project object */;
}
