// !$*UTF8*$!
{
	archiveVersion = 1;
	classes = {
	};
	objectVersion = 50;
	objects = {

/* Begin PBXBuildFile section */
		64A65BCC22F3306A00896AF3 /* AppDelegate.swift in Sources */ = {isa = PBXBuildFile; fileRef = 64A65BCB22F3306A00896AF3 /* AppDelegate.swift */; };
		64A65BCE22F3306A00896AF3 /* ViewController.swift in Sources */ = {isa = PBXBuildFile; fileRef = 64A65BCD22F3306A00896AF3 /* ViewController.swift */; };
		64A65BD122F3306A00896AF3 /* Main.storyboard in Resources */ = {isa = PBXBuildFile; fileRef = 64A65BCF22F3306A00896AF3 /* Main.storyboard */; };
		64A65BD322F3306C00896AF3 /* Assets.xcassets in Resources */ = {isa = PBXBuildFile; fileRef = 64A65BD222F3306C00896AF3 /* Assets.xcassets */; };
		64A65BD622F3306C00896AF3 /* LaunchScreen.storyboard in Resources */ = {isa = PBXBuildFile; fileRef = 64A65BD422F3306C00896AF3 /* LaunchScreen.storyboard */; };
		64A65BE122F3306C00896AF3 /* class_change_color_8_1_19Tests.swift in Sources */ = {isa = PBXBuildFile; fileRef = 64A65BE022F3306C00896AF3 /* class_change_color_8_1_19Tests.swift */; };
		64A65BEC22F3306C00896AF3 /* class_change_color_8_1_19UITests.swift in Sources */ = {isa = PBXBuildFile; fileRef = 64A65BEB22F3306C00896AF3 /* class_change_color_8_1_19UITests.swift */; };
		64A65BFA22F3339100896AF3 /* ColorChange.swift in Sources */ = {isa = PBXBuildFile; fileRef = 64A65BF922F3339100896AF3 /* ColorChange.swift */; };
/* End PBXBuildFile section */

/* Begin PBXContainerItemProxy section */
		64A65BDD22F3306C00896AF3 /* PBXContainerItemProxy */ = {
			isa = PBXContainerItemProxy;
			containerPortal = 64A65BC022F3306A00896AF3 /* Project object */;
			proxyType = 1;
			remoteGlobalIDString = 64A65BC722F3306A00896AF3;
			remoteInfo = "class change color 8-1-19";
		};
		64A65BE822F3306C00896AF3 /* PBXContainerItemProxy */ = {
			isa = PBXContainerItemProxy;
			containerPortal = 64A65BC022F3306A00896AF3 /* Project object */;
			proxyType = 1;
			remoteGlobalIDString = 64A65BC722F3306A00896AF3;
			remoteInfo = "class change color 8-1-19";
		};
/* End PBXContainerItemProxy section */

/* Begin PBXFileReference section */
		64A65BC822F3306A00896AF3 /* class change color 8-1-19.app */ = {isa = PBXFileReference; explicitFileType = wrapper.application; includeInIndex = 0; path = "class change color 8-1-19.app"; sourceTree = BUILT_PRODUCTS_DIR; };
		64A65BCB22F3306A00896AF3 /* AppDelegate.swift */ = {isa = PBXFileReference; lastKnownFileType = sourcecode.swift; path = AppDelegate.swift; sourceTree = "<group>"; };
		64A65BCD22F3306A00896AF3 /* ViewController.swift */ = {isa = PBXFileReference; lastKnownFileType = sourcecode.swift; path = ViewController.swift; sourceTree = "<group>"; };
		64A65BD022F3306A00896AF3 /* Base */ = {isa = PBXFileReference; lastKnownFileType = file.storyboard; name = Base; path = Base.lproj/Main.storyboard; sourceTree = "<group>"; };
		64A65BD222F3306C00896AF3 /* Assets.xcassets */ = {isa = PBXFileReference; lastKnownFileType = folder.assetcatalog; path = Assets.xcassets; sourceTree = "<group>"; };
		64A65BD522F3306C00896AF3 /* Base */ = {isa = PBXFileReference; lastKnownFileType = file.storyboard; name = Base; path = Base.lproj/LaunchScreen.storyboard; sourceTree = "<group>"; };
		64A65BD722F3306C00896AF3 /* Info.plist */ = {isa = PBXFileReference; lastKnownFileType = text.plist.xml; path = Info.plist; sourceTree = "<group>"; };
		64A65BDC22F3306C00896AF3 /* class change color 8-1-19Tests.xctest */ = {isa = PBXFileReference; explicitFileType = wrapper.cfbundle; includeInIndex = 0; path = "class change color 8-1-19Tests.xctest"; sourceTree = BUILT_PRODUCTS_DIR; };
		64A65BE022F3306C00896AF3 /* class_change_color_8_1_19Tests.swift */ = {isa = PBXFileReference; lastKnownFileType = sourcecode.swift; path = class_change_color_8_1_19Tests.swift; sourceTree = "<group>"; };
		64A65BE222F3306C00896AF3 /* Info.plist */ = {isa = PBXFileReference; lastKnownFileType = text.plist.xml; path = Info.plist; sourceTree = "<group>"; };
		64A65BE722F3306C00896AF3 /* class change color 8-1-19UITests.xctest */ = {isa = PBXFileReference; explicitFileType = wrapper.cfbundle; includeInIndex = 0; path = "class change color 8-1-19UITests.xctest"; sourceTree = BUILT_PRODUCTS_DIR; };
		64A65BEB22F3306C00896AF3 /* class_change_color_8_1_19UITests.swift */ = {isa = PBXFileReference; lastKnownFileType = sourcecode.swift; path = class_change_color_8_1_19UITests.swift; sourceTree = "<group>"; };
		64A65BED22F3306C00896AF3 /* Info.plist */ = {isa = PBXFileReference; lastKnownFileType = text.plist.xml; path = Info.plist; sourceTree = "<group>"; };
		64A65BF922F3339100896AF3 /* ColorChange.swift */ = {isa = PBXFileReference; lastKnownFileType = sourcecode.swift; path = ColorChange.swift; sourceTree = "<group>"; };
/* End PBXFileReference section */

/* Begin PBXFrameworksBuildPhase section */
		64A65BC522F3306A00896AF3 /* Frameworks */ = {
			isa = PBXFrameworksBuildPhase;
			buildActionMask = 2147483647;
			files = (
			);
			runOnlyForDeploymentPostprocessing = 0;
		};
		64A65BD922F3306C00896AF3 /* Frameworks */ = {
			isa = PBXFrameworksBuildPhase;
			buildActionMask = 2147483647;
			files = (
			);
			runOnlyForDeploymentPostprocessing = 0;
		};
		64A65BE422F3306C00896AF3 /* Frameworks */ = {
			isa = PBXFrameworksBuildPhase;
			buildActionMask = 2147483647;
			files = (
			);
			runOnlyForDeploymentPostprocessing = 0;
		};
/* End PBXFrameworksBuildPhase section */

/* Begin PBXGroup section */
		64A65BBF22F3306A00896AF3 = {
			isa = PBXGroup;
			children = (
				64A65BCA22F3306A00896AF3 /* class change color 8-1-19 */,
				64A65BDF22F3306C00896AF3 /* class change color 8-1-19Tests */,
				64A65BEA22F3306C00896AF3 /* class change color 8-1-19UITests */,
				64A65BC922F3306A00896AF3 /* Products */,
			);
			sourceTree = "<group>";
		};
		64A65BC922F3306A00896AF3 /* Products */ = {
			isa = PBXGroup;
			children = (
				64A65BC822F3306A00896AF3 /* class change color 8-1-19.app */,
				64A65BDC22F3306C00896AF3 /* class change color 8-1-19Tests.xctest */,
				64A65BE722F3306C00896AF3 /* class change color 8-1-19UITests.xctest */,
			);
			name = Products;
			sourceTree = "<group>";
		};
		64A65BCA22F3306A00896AF3 /* class change color 8-1-19 */ = {
			isa = PBXGroup;
			children = (
				64A65BCB22F3306A00896AF3 /* AppDelegate.swift */,
				64A65BCD22F3306A00896AF3 /* ViewController.swift */,
				64A65BCF22F3306A00896AF3 /* Main.storyboard */,
				64A65BF922F3339100896AF3 /* ColorChange.swift */,
				64A65BD222F3306C00896AF3 /* Assets.xcassets */,
				64A65BD422F3306C00896AF3 /* LaunchScreen.storyboard */,
				64A65BD722F3306C00896AF3 /* Info.plist */,
			);
			path = "class change color 8-1-19";
			sourceTree = "<group>";
		};
		64A65BDF22F3306C00896AF3 /* class change color 8-1-19Tests */ = {
			isa = PBXGroup;
			children = (
				64A65BE022F3306C00896AF3 /* class_change_color_8_1_19Tests.swift */,
				64A65BE222F3306C00896AF3 /* Info.plist */,
			);
			path = "class change color 8-1-19Tests";
			sourceTree = "<group>";
		};
		64A65BEA22F3306C00896AF3 /* class change color 8-1-19UITests */ = {
			isa = PBXGroup;
			children = (
				64A65BEB22F3306C00896AF3 /* class_change_color_8_1_19UITests.swift */,
				64A65BED22F3306C00896AF3 /* Info.plist */,
			);
			path = "class change color 8-1-19UITests";
			sourceTree = "<group>";
		};
/* End PBXGroup section */

/* Begin PBXNativeTarget section */
		64A65BC722F3306A00896AF3 /* class change color 8-1-19 */ = {
			isa = PBXNativeTarget;
			buildConfigurationList = 64A65BF022F3306C00896AF3 /* Build configuration list for PBXNativeTarget "class change color 8-1-19" */;
			buildPhases = (
				64A65BC422F3306A00896AF3 /* Sources */,
				64A65BC522F3306A00896AF3 /* Frameworks */,
				64A65BC622F3306A00896AF3 /* Resources */,
			);
			buildRules = (
			);
			dependencies = (
			);
			name = "class change color 8-1-19";
			productName = "class change color 8-1-19";
			productReference = 64A65BC822F3306A00896AF3 /* class change color 8-1-19.app */;
			productType = "com.apple.product-type.application";
		};
		64A65BDB22F3306C00896AF3 /* class change color 8-1-19Tests */ = {
			isa = PBXNativeTarget;
			buildConfigurationList = 64A65BF322F3306C00896AF3 /* Build configuration list for PBXNativeTarget "class change color 8-1-19Tests" */;
			buildPhases = (
				64A65BD822F3306C00896AF3 /* Sources */,
				64A65BD922F3306C00896AF3 /* Frameworks */,
				64A65BDA22F3306C00896AF3 /* Resources */,
			);
			buildRules = (
			);
			dependencies = (
				64A65BDE22F3306C00896AF3 /* PBXTargetDependency */,
			);
			name = "class change color 8-1-19Tests";
			productName = "class change color 8-1-19Tests";
			productReference = 64A65BDC22F3306C00896AF3 /* class change color 8-1-19Tests.xctest */;
			productType = "com.apple.product-type.bundle.unit-test";
		};
		64A65BE622F3306C00896AF3 /* class change color 8-1-19UITests */ = {
			isa = PBXNativeTarget;
			buildConfigurationList = 64A65BF622F3306C00896AF3 /* Build configuration list for PBXNativeTarget "class change color 8-1-19UITests" */;
			buildPhases = (
				64A65BE322F3306C00896AF3 /* Sources */,
				64A65BE422F3306C00896AF3 /* Frameworks */,
				64A65BE522F3306C00896AF3 /* Resources */,
			);
			buildRules = (
			);
			dependencies = (
				64A65BE922F3306C00896AF3 /* PBXTargetDependency */,
			);
			name = "class change color 8-1-19UITests";
			productName = "class change color 8-1-19UITests";
			productReference = 64A65BE722F3306C00896AF3 /* class change color 8-1-19UITests.xctest */;
			productType = "com.apple.product-type.bundle.ui-testing";
		};
/* End PBXNativeTarget section */

/* Begin PBXProject section */
		64A65BC022F3306A00896AF3 /* Project object */ = {
			isa = PBXProject;
			attributes = {
				LastSwiftUpdateCheck = 1020;
				LastUpgradeCheck = 1020;
				ORGANIZATIONNAME = "hildy abreu";
				TargetAttributes = {
					64A65BC722F3306A00896AF3 = {
						CreatedOnToolsVersion = 10.2.1;
					};
					64A65BDB22F3306C00896AF3 = {
						CreatedOnToolsVersion = 10.2.1;
						TestTargetID = 64A65BC722F3306A00896AF3;
					};
					64A65BE622F3306C00896AF3 = {
						CreatedOnToolsVersion = 10.2.1;
						TestTargetID = 64A65BC722F3306A00896AF3;
					};
				};
			};
			buildConfigurationList = 64A65BC322F3306A00896AF3 /* Build configuration list for PBXProject "class change color 8-1-19" */;
			compatibilityVersion = "Xcode 9.3";
			developmentRegion = en;
			hasScannedForEncodings = 0;
			knownRegions = (
				en,
				Base,
			);
			mainGroup = 64A65BBF22F3306A00896AF3;
			productRefGroup = 64A65BC922F3306A00896AF3 /* Products */;
			projectDirPath = "";
			projectRoot = "";
			targets = (
				64A65BC722F3306A00896AF3 /* class change color 8-1-19 */,
				64A65BDB22F3306C00896AF3 /* class change color 8-1-19Tests */,
				64A65BE622F3306C00896AF3 /* class change color 8-1-19UITests */,
			);
		};
/* End PBXProject section */

/* Begin PBXResourcesBuildPhase section */
		64A65BC622F3306A00896AF3 /* Resources */ = {
			isa = PBXResourcesBuildPhase;
			buildActionMask = 2147483647;
			files = (
				64A65BD622F3306C00896AF3 /* LaunchScreen.storyboard in Resources */,
				64A65BD322F3306C00896AF3 /* Assets.xcassets in Resources */,
				64A65BD122F3306A00896AF3 /* Main.storyboard in Resources */,
			);
			runOnlyForDeploymentPostprocessing = 0;
		};
		64A65BDA22F3306C00896AF3 /* Resources */ = {
			isa = PBXResourcesBuildPhase;
			buildActionMask = 2147483647;
			files = (
			);
			runOnlyForDeploymentPostprocessing = 0;
		};
		64A65BE522F3306C00896AF3 /* Resources */ = {
			isa = PBXResourcesBuildPhase;
			buildActionMask = 2147483647;
			files = (
			);
			runOnlyForDeploymentPostprocessing = 0;
		};
/* End PBXResourcesBuildPhase section */

/* Begin PBXSourcesBuildPhase section */
		64A65BC422F3306A00896AF3 /* Sources */ = {
			isa = PBXSourcesBuildPhase;
			buildActionMask = 2147483647;
			files = (
				64A65BCE22F3306A00896AF3 /* ViewController.swift in Sources */,
				64A65BFA22F3339100896AF3 /* ColorChange.swift in Sources */,
				64A65BCC22F3306A00896AF3 /* AppDelegate.swift in Sources */,
			);
			runOnlyForDeploymentPostprocessing = 0;
		};
		64A65BD822F3306C00896AF3 /* Sources */ = {
			isa = PBXSourcesBuildPhase;
			buildActionMask = 2147483647;
			files = (
				64A65BE122F3306C00896AF3 /* class_change_color_8_1_19Tests.swift in Sources */,
			);
			runOnlyForDeploymentPostprocessing = 0;
		};
		64A65BE322F3306C00896AF3 /* Sources */ = {
			isa = PBXSourcesBuildPhase;
			buildActionMask = 2147483647;
			files = (
				64A65BEC22F3306C00896AF3 /* class_change_color_8_1_19UITests.swift in Sources */,
			);
			runOnlyForDeploymentPostprocessing = 0;
		};
/* End PBXSourcesBuildPhase section */

/* Begin PBXTargetDependency section */
		64A65BDE22F3306C00896AF3 /* PBXTargetDependency */ = {
			isa = PBXTargetDependency;
			target = 64A65BC722F3306A00896AF3 /* class change color 8-1-19 */;
			targetProxy = 64A65BDD22F3306C00896AF3 /* PBXContainerItemProxy */;
		};
		64A65BE922F3306C00896AF3 /* PBXTargetDependency */ = {
			isa = PBXTargetDependency;
			target = 64A65BC722F3306A00896AF3 /* class change color 8-1-19 */;
			targetProxy = 64A65BE822F3306C00896AF3 /* PBXContainerItemProxy */;
		};
/* End PBXTargetDependency section */

/* Begin PBXVariantGroup section */
		64A65BCF22F3306A00896AF3 /* Main.storyboard */ = {
			isa = PBXVariantGroup;
			children = (
				64A65BD022F3306A00896AF3 /* Base */,
			);
			name = Main.storyboard;
			sourceTree = "<group>";
		};
		64A65BD422F3306C00896AF3 /* LaunchScreen.storyboard */ = {
			isa = PBXVariantGroup;
			children = (
				64A65BD522F3306C00896AF3 /* Base */,
			);
			name = LaunchScreen.storyboard;
			sourceTree = "<group>";
		};
/* End PBXVariantGroup section */

/* Begin XCBuildConfiguration section */
		64A65BEE22F3306C00896AF3 /* Debug */ = {
			isa = XCBuildConfiguration;
			buildSettings = {
				ALWAYS_SEARCH_USER_PATHS = NO;
				CLANG_ANALYZER_NONNULL = YES;
				CLANG_ANALYZER_NUMBER_OBJECT_CONVERSION = YES_AGGRESSIVE;
				CLANG_CXX_LANGUAGE_STANDARD = "gnu++14";
				CLANG_CXX_LIBRARY = "libc++";
				CLANG_ENABLE_MODULES = YES;
				CLANG_ENABLE_OBJC_ARC = YES;
				CLANG_ENABLE_OBJC_WEAK = YES;
				CLANG_WARN_BLOCK_CAPTURE_AUTORELEASING = YES;
				CLANG_WARN_BOOL_CONVERSION = YES;
				CLANG_WARN_COMMA = YES;
				CLANG_WARN_CONSTANT_CONVERSION = YES;
				CLANG_WARN_DEPRECATED_OBJC_IMPLEMENTATIONS = YES;
				CLANG_WARN_DIRECT_OBJC_ISA_USAGE = YES_ERROR;
				CLANG_WARN_DOCUMENTATION_COMMENTS = YES;
				CLANG_WARN_EMPTY_BODY = YES;
				CLANG_WARN_ENUM_CONVERSION = YES;
				CLANG_WARN_INFINITE_RECURSION = YES;
				CLANG_WARN_INT_CONVERSION = YES;
				CLANG_WARN_NON_LITERAL_NULL_CONVERSION = YES;
				CLANG_WARN_OBJC_IMPLICIT_RETAIN_SELF = YES;
				CLANG_WARN_OBJC_LITERAL_CONVERSION = YES;
				CLANG_WARN_OBJC_ROOT_CLASS = YES_ERROR;
				CLANG_WARN_RANGE_LOOP_ANALYSIS = YES;
				CLANG_WARN_STRICT_PROTOTYPES = YES;
				CLANG_WARN_SUSPICIOUS_MOVE = YES;
				CLANG_WARN_UNGUARDED_AVAILABILITY = YES_AGGRESSIVE;
				CLANG_WARN_UNREACHABLE_CODE = YES;
				CLANG_WARN__DUPLICATE_METHOD_MATCH = YES;
				CODE_SIGN_IDENTITY = "iPhone Developer";
				COPY_PHASE_STRIP = NO;
				DEBUG_INFORMATION_FORMAT = dwarf;
				ENABLE_STRICT_OBJC_MSGSEND = YES;
				ENABLE_TESTABILITY = YES;
				GCC_C_LANGUAGE_STANDARD = gnu11;
				GCC_DYNAMIC_NO_PIC = NO;
				GCC_NO_COMMON_BLOCKS = YES;
				GCC_OPTIMIZATION_LEVEL = 0;
				GCC_PREPROCESSOR_DEFINITIONS = (
					"DEBUG=1",
					"$(inherited)",
				);
				GCC_WARN_64_TO_32_BIT_CONVERSION = YES;
				GCC_WARN_ABOUT_RETURN_TYPE = YES_ERROR;
				GCC_WARN_UNDECLARED_SELECTOR = YES;
				GCC_WARN_UNINITIALIZED_AUTOS = YES_AGGRESSIVE;
				GCC_WARN_UNUSED_FUNCTION = YES;
				GCC_WARN_UNUSED_VARIABLE = YES;
				IPHONEOS_DEPLOYMENT_TARGET = 12.2;
				MTL_ENABLE_DEBUG_INFO = INCLUDE_SOURCE;
				MTL_FAST_MATH = YES;
				ONLY_ACTIVE_ARCH = YES;
				SDKROOT = iphoneos;
				SWIFT_ACTIVE_COMPILATION_CONDITIONS = DEBUG;
				SWIFT_OPTIMIZATION_LEVEL = "-Onone";
			};
			name = Debug;
		};
		64A65BEF22F3306C00896AF3 /* Release */ = {
			isa = XCBuildConfiguration;
			buildSettings = {
				ALWAYS_SEARCH_USER_PATHS = NO;
				CLANG_ANALYZER_NONNULL = YES;
				CLANG_ANALYZER_NUMBER_OBJECT_CONVERSION = YES_AGGRESSIVE;
				CLANG_CXX_LANGUAGE_STANDARD = "gnu++14";
				CLANG_CXX_LIBRARY = "libc++";
				CLANG_ENABLE_MODULES = YES;
				CLANG_ENABLE_OBJC_ARC = YES;
				CLANG_ENABLE_OBJC_WEAK = YES;
				CLANG_WARN_BLOCK_CAPTURE_AUTORELEASING = YES;
				CLANG_WARN_BOOL_CONVERSION = YES;
				CLANG_WARN_COMMA = YES;
				CLANG_WARN_CONSTANT_CONVERSION = YES;
				CLANG_WARN_DEPRECATED_OBJC_IMPLEMENTATIONS = YES;
				CLANG_WARN_DIRECT_OBJC_ISA_USAGE = YES_ERROR;
				CLANG_WARN_DOCUMENTATION_COMMENTS = YES;
				CLANG_WARN_EMPTY_BODY = YES;
				CLANG_WARN_ENUM_CONVERSION = YES;
				CLANG_WARN_INFINITE_RECURSION = YES;
				CLANG_WARN_INT_CONVERSION = YES;
				CLANG_WARN_NON_LITERAL_NULL_CONVERSION = YES;
				CLANG_WARN_OBJC_IMPLICIT_RETAIN_SELF = YES;
				CLANG_WARN_OBJC_LITERAL_CONVERSION = YES;
				CLANG_WARN_OBJC_ROOT_CLASS = YES_ERROR;
				CLANG_WARN_RANGE_LOOP_ANALYSIS = YES;
				CLANG_WARN_STRICT_PROTOTYPES = YES;
				CLANG_WARN_SUSPICIOUS_MOVE = YES;
				CLANG_WARN_UNGUARDED_AVAILABILITY = YES_AGGRESSIVE;
				CLANG_WARN_UNREACHABLE_CODE = YES;
				CLANG_WARN__DUPLICATE_METHOD_MATCH = YES;
				CODE_SIGN_IDENTITY = "iPhone Developer";
				COPY_PHASE_STRIP = NO;
				DEBUG_INFORMATION_FORMAT = "dwarf-with-dsym";
				ENABLE_NS_ASSERTIONS = NO;
				ENABLE_STRICT_OBJC_MSGSEND = YES;
				GCC_C_LANGUAGE_STANDARD = gnu11;
				GCC_NO_COMMON_BLOCKS = YES;
				GCC_WARN_64_TO_32_BIT_CONVERSION = YES;
				GCC_WARN_ABOUT_RETURN_TYPE = YES_ERROR;
				GCC_WARN_UNDECLARED_SELECTOR = YES;
				GCC_WARN_UNINITIALIZED_AUTOS = YES_AGGRESSIVE;
				GCC_WARN_UNUSED_FUNCTION = YES;
				GCC_WARN_UNUSED_VARIABLE = YES;
				IPHONEOS_DEPLOYMENT_TARGET = 12.2;
				MTL_ENABLE_DEBUG_INFO = NO;
				MTL_FAST_MATH = YES;
				SDKROOT = iphoneos;
				SWIFT_COMPILATION_MODE = wholemodule;
				SWIFT_OPTIMIZATION_LEVEL = "-O";
				VALIDATE_PRODUCT = YES;
			};
			name = Release;
		};
		64A65BF122F3306C00896AF3 /* Debug */ = {
			isa = XCBuildConfiguration;
			buildSettings = {
				ASSETCATALOG_COMPILER_APPICON_NAME = AppIcon;
				CODE_SIGN_STYLE = Automatic;
				INFOPLIST_FILE = "class change color 8-1-19/Info.plist";
				LD_RUNPATH_SEARCH_PATHS = (
					"$(inherited)",
					"@executable_path/Frameworks",
				);
				PRODUCT_BUNDLE_IDENTIFIER = "create.class-change-color-8-1-19";
				PRODUCT_NAME = "$(TARGET_NAME)";
				SWIFT_VERSION = 5.0;
				TARGETED_DEVICE_FAMILY = "1,2";
			};
			name = Debug;
		};
		64A65BF222F3306C00896AF3 /* Release */ = {
			isa = XCBuildConfiguration;
			buildSettings = {
				ASSETCATALOG_COMPILER_APPICON_NAME = AppIcon;
				CODE_SIGN_STYLE = Automatic;
				INFOPLIST_FILE = "class change color 8-1-19/Info.plist";
				LD_RUNPATH_SEARCH_PATHS = (
					"$(inherited)",
					"@executable_path/Frameworks",
				);
				PRODUCT_BUNDLE_IDENTIFIER = "create.class-change-color-8-1-19";
				PRODUCT_NAME = "$(TARGET_NAME)";
				SWIFT_VERSION = 5.0;
				TARGETED_DEVICE_FAMILY = "1,2";
			};
			name = Release;
		};
		64A65BF422F3306C00896AF3 /* Debug */ = {
			isa = XCBuildConfiguration;
			buildSettings = {
				ALWAYS_EMBED_SWIFT_STANDARD_LIBRARIES = YES;
				BUNDLE_LOADER = "$(TEST_HOST)";
				CODE_SIGN_STYLE = Automatic;
				INFOPLIST_FILE = "class change color 8-1-19Tests/Info.plist";
				LD_RUNPATH_SEARCH_PATHS = (
					"$(inherited)",
					"@executable_path/Frameworks",
					"@loader_path/Frameworks",
				);
				PRODUCT_BUNDLE_IDENTIFIER = "create.class-change-color-8-1-19Tests";
				PRODUCT_NAME = "$(TARGET_NAME)";
				SWIFT_VERSION = 5.0;
				TARGETED_DEVICE_FAMILY = "1,2";
				TEST_HOST = "$(BUILT_PRODUCTS_DIR)/class change color 8-1-19.app/class change color 8-1-19";
			};
			name = Debug;
		};
		64A65BF522F3306C00896AF3 /* Release */ = {
			isa = XCBuildConfiguration;
			buildSettings = {
				ALWAYS_EMBED_SWIFT_STANDARD_LIBRARIES = YES;
				BUNDLE_LOADER = "$(TEST_HOST)";
				CODE_SIGN_STYLE = Automatic;
				INFOPLIST_FILE = "class change color 8-1-19Tests/Info.plist";
				LD_RUNPATH_SEARCH_PATHS = (
					"$(inherited)",
					"@executable_path/Frameworks",
					"@loader_path/Frameworks",
				);
				PRODUCT_BUNDLE_IDENTIFIER = "create.class-change-color-8-1-19Tests";
				PRODUCT_NAME = "$(TARGET_NAME)";
				SWIFT_VERSION = 5.0;
				TARGETED_DEVICE_FAMILY = "1,2";
				TEST_HOST = "$(BUILT_PRODUCTS_DIR)/class change color 8-1-19.app/class change color 8-1-19";
			};
			name = Release;
		};
		64A65BF722F3306C00896AF3 /* Debug */ = {
			isa = XCBuildConfiguration;
			buildSettings = {
				ALWAYS_EMBED_SWIFT_STANDARD_LIBRARIES = YES;
				CODE_SIGN_STYLE = Automatic;
				INFOPLIST_FILE = "class change color 8-1-19UITests/Info.plist";
				LD_RUNPATH_SEARCH_PATHS = (
					"$(inherited)",
					"@executable_path/Frameworks",
					"@loader_path/Frameworks",
				);
				PRODUCT_BUNDLE_IDENTIFIER = "create.class-change-color-8-1-19UITests";
				PRODUCT_NAME = "$(TARGET_NAME)";
				SWIFT_VERSION = 5.0;
				TARGETED_DEVICE_FAMILY = "1,2";
				TEST_TARGET_NAME = "class change color 8-1-19";
			};
			name = Debug;
		};
		64A65BF822F3306C00896AF3 /* Release */ = {
			isa = XCBuildConfiguration;
			buildSettings = {
				ALWAYS_EMBED_SWIFT_STANDARD_LIBRARIES = YES;
				CODE_SIGN_STYLE = Automatic;
				INFOPLIST_FILE = "class change color 8-1-19UITests/Info.plist";
				LD_RUNPATH_SEARCH_PATHS = (
					"$(inherited)",
					"@executable_path/Frameworks",
					"@loader_path/Frameworks",
				);
				PRODUCT_BUNDLE_IDENTIFIER = "create.class-change-color-8-1-19UITests";
				PRODUCT_NAME = "$(TARGET_NAME)";
				SWIFT_VERSION = 5.0;
				TARGETED_DEVICE_FAMILY = "1,2";
				TEST_TARGET_NAME = "class change color 8-1-19";
			};
			name = Release;
		};
/* End XCBuildConfiguration section */

/* Begin XCConfigurationList section */
		64A65BC322F3306A00896AF3 /* Build configuration list for PBXProject "class change color 8-1-19" */ = {
			isa = XCConfigurationList;
			buildConfigurations = (
				64A65BEE22F3306C00896AF3 /* Debug */,
				64A65BEF22F3306C00896AF3 /* Release */,
			);
			defaultConfigurationIsVisible = 0;
			defaultConfigurationName = Release;
		};
		64A65BF022F3306C00896AF3 /* Build configuration list for PBXNativeTarget "class change color 8-1-19" */ = {
			isa = XCConfigurationList;
			buildConfigurations = (
				64A65BF122F3306C00896AF3 /* Debug */,
				64A65BF222F3306C00896AF3 /* Release */,
			);
			defaultConfigurationIsVisible = 0;
			defaultConfigurationName = Release;
		};
		64A65BF322F3306C00896AF3 /* Build configuration list for PBXNativeTarget "class change color 8-1-19Tests" */ = {
			isa = XCConfigurationList;
			buildConfigurations = (
				64A65BF422F3306C00896AF3 /* Debug */,
				64A65BF522F3306C00896AF3 /* Release */,
			);
			defaultConfigurationIsVisible = 0;
			defaultConfigurationName = Release;
		};
		64A65BF622F3306C00896AF3 /* Build configuration list for PBXNativeTarget "class change color 8-1-19UITests" */ = {
			isa = XCConfigurationList;
			buildConfigurations = (
				64A65BF722F3306C00896AF3 /* Debug */,
				64A65BF822F3306C00896AF3 /* Release */,
			);
			defaultConfigurationIsVisible = 0;
			defaultConfigurationName = Release;
		};
/* End XCConfigurationList section */
	};
	rootObject = 64A65BC022F3306A00896AF3 /* Project object */;
}
